<?xml version="1.0" encoding="utf-8"?>
<Project ToolsVersion="4.0" xmlns="http://schemas.microsoft.com/developer/msbuild/2003">
  <ItemGroup>
    <Filter Include="Source Files">
      <UniqueIdentifier>{4FC737F1-C7A5-4376-A066-2A32D752A2FF}</UniqueIdentifier>
      <Extensions>cpp;c;cc;cxx;def;odl;idl;hpj;bat;asm;asmx</Extensions>
    </Filter>
    <Filter Include="Header Files">
      <UniqueIdentifier>{93995380-89BD-4b04-88EB-625FBE52EBFB}</UniqueIdentifier>
      <Extensions>h;hh;hpp;hxx;hm;inl;inc;ipp;xsd</Extensions>
    </Filter>
    <Filter Include="Resource Files">
      <UniqueIdentifier>{67DA6AB6-F800-4c08-8B7A-83BB121AAD01}</UniqueIdentifier>
      <Extensions>rc;ico;cur;bmp;dlg;rc2;rct;bin;rgs;gif;jpg;jpeg;jpe;resx;tiff;tif;png;wav;mfcribbon-ms</Extensions>
    </Filter>
    <Filter Include="Source Files\HelloTriangle">
      <UniqueIdentifier>{0ef9dc57-357d-4a91-a04d-af29893a3b2e}</UniqueIdentifier>
    </Filter>
    <Filter Include="Source Files\HelloTriangle\HelloTriangleExercices">
      <UniqueIdentifier>{9120cba1-7a57-4b38-8547-4863ddbd039f}</UniqueIdentifier>
    </Filter>
    <Filter Include="Source Files\Shaders">
      <UniqueIdentifier>{5c3b690d-2237-42f7-bfd6-b58432183526}</UniqueIdentifier>
    </Filter>
    <Filter Include="Source Files\Shaders\ShaderExercices">
      <UniqueIdentifier>{0cb87ef2-3f0a-48fe-99be-1a9a6434fd35}</UniqueIdentifier>
    </Filter>
  </ItemGroup>
  <ItemGroup>
    <ClCompile Include="..\..\External Libs\glad\src\glad.c">
      <Filter>Resource Files</Filter>
    </ClCompile>
    <ClCompile Include="main.cpp">
      <Filter>Source Files</Filter>
    </ClCompile>
    <ClCompile Include="HelloTriangle_1.cpp">
      <Filter>Source Files\HelloTriangle\HelloTriangleExercices</Filter>
    </ClCompile>
    <ClCompile Include="HelloTriangle_2.cpp">
      <Filter>Source Files\HelloTriangle\HelloTriangleExercices</Filter>
    </ClCompile>
    <ClCompile Include="HelloTriangle_3.cpp">
      <Filter>Source Files\HelloTriangle\HelloTriangleExercices</Filter>
    </ClCompile>
    <ClCompile Include="HelloWindow.cpp">
      <Filter>Source Files\HelloTriangle</Filter>
    </ClCompile>
    <ClCompile Include="HelloTriangle.cpp">
      <Filter>Source Files\HelloTriangle</Filter>
    </ClCompile>
    <ClCompile Include="HelloRectangle.cpp">
      <Filter>Source Files\HelloTriangle</Filter>
    </ClCompile>
    <ClCompile Include="ShaderExample.cpp">
      <Filter>Source Files\Shaders</Filter>
    </ClCompile>
    <ClCompile Include="Shader.cpp">
      <Filter>Source Files\Shaders</Filter>
    </ClCompile>
    <ClCompile Include="ShaderExercice1.cpp">
      <Filter>Source Files\Shaders\ShaderExercices</Filter>
    </ClCompile>
    <ClCompile Include="ShaderExercice2.cpp">
      <Filter>Source Files\Shaders\ShaderExercices</Filter>
    </ClCompile>
  </ItemGroup>
</Project>