
Microsoft Visual Studio Solution File, Format Version 12.00
# Visual Studio 15
VisualStudioVersion = 15.0.28307.1000
MinimumVisualStudioVersion = 10.0.40219.1
Project("{8BC9CEB8-8B4A-11D0-8D11-00A0C91BC942}") = "OpenGlCourseApp", "OpenGlCourseApp\OpenGlCourseApp.vcxproj", "{2FEF1E60-C642-4FA6-89B1-04FDF7E69245}"
EndProject
Global
	GlobalSection(SolutionConfigurationPlatforms) = preSolution
		Debug|x64 = Debug|x64
		Debug|x86 = Debug|x86
		Release|x64 = Release|x64
		Release|x86 = Release|x86
	EndGlobalSection
	GlobalSection(ProjectConfigurationPlatforms) = postSolution
		{2FEF1E60-C642-4FA6-89B1-04FDF7E69245}.Debug|x64.ActiveCfg = Debug|x64
		{2FEF1E60-C642-4FA6-89B1-04FDF7E69245}.Debug|x64.Build.0 = Debug|x64
		{2FEF1E60-C642-4FA6-89B1-04FDF7E69245}.Debug|x86.ActiveCfg = Debug|Win32
		{2FEF1E60-C642-4FA6-89B1-04FDF7E69245}.Debug|x86.Build.0 = Debug|Win32
		{2FEF1E60-C642-4FA6-89B1-04FDF7E69245}.Release|x64.ActiveCfg = Release|x64
		{2FEF1E60-C642-4FA6-89B1-04FDF7E69245}.Release|x64.Build.0 = Release|x64
		{2FEF1E60-C642-4FA6-89B1-04FDF7E69245}.Release|x86.ActiveCfg = Release|Win32
		{2FEF1E60-C642-4FA6-89B1-04FDF7E69245}.Release|x86.Build.0 = Release|Win32
	EndGlobalSection
	GlobalSection(SolutionProperties) = preSolution
		HideSolutionNode = FALSE
	EndGlobalSection
	GlobalSection(ExtensibilityGlobals) = postSolution
		SolutionGuid = {A006A107-AA22-4F02-8A63-C44685445B44}
	EndGlobalSection
EndGlobal
